{
  "name": "nhs-health-anxiety",
  "version": "1.0.0",
  "lockfileVersion": 3,
  "requires": true,
  "packages": {
    "": {
      "name": "nhs-health-anxiety",
      "version": "1.0.0",
      "license": "ISC",
      "devDependencies": {
        "chrome-types": "^0.1.232",
        "typescript": "^5.2.2"
      }
    },
    "node_modules/chrome-types": {
      "version": "0.1.232",
      "resolved": "https://registry.npmjs.org/chrome-types/-/chrome-types-0.1.232.tgz",
      "integrity": "sha512-3yTPyuiIOKPC/YjQt2nFgdup5rAcmt4GMoBvJryXk9PfMceKT20IOWwAjCs1314gqpPO9TOaa5Qh4fx0WW0Uzg==",
      "dev": true
    },
    "node_modules/typescript": {
      "version": "5.2.2",
      "resolved": "https://registry.npmjs.org/typescript/-/typescript-5.2.2.tgz",
      "integrity": "sha512-mI4WrpHsbCIcwT9cF4FZvr80QUeKvsUsUvKDoR+X/7XHQH98xYD8YHZg7ANtz2GtZt/CBq2QJ0thkGJMHfqc1w==",
      "dev": true,
      "bin": {
        "tsc": "bin/tsc",
        "tsserver": "bin/tsserver"
      },
      "engines": {
        "node": ">=14.17"
      }
    }
  }
}
